
Microsoft Visual Studio Solution File, Format Version 12.00
# Visual Studio Version 16
VisualStudioVersion = 16.0.31019.35
MinimumVisualStudioVersion = 10.0.40219.1
Project("{FAE04EC0-301F-11D3-BF4B-00C04F79EFBC}") = "ADB Helper", "WindowsFormsApp1\ADB Helper.csproj", "{50A81E7F-A6D9-4419-8040-1858EA29A03B}"
EndProject
Project("{2150E333-8FDC-42A3-9474-1A3956D46DE8}") = "Solution Items", "Solution Items", "{1CBDD3D3-2B3E-4D08-85FF-C97DE6A10B08}"
	ProjectSection(SolutionItems) = preProject
		.editorconfig = .editorconfig
	EndProjectSection
EndProject
Global
	GlobalSection(SolutionConfigurationPlatforms) = preSolution
		Debug|Any CPU = Debug|Any CPU
		Release|Any CPU = Release|Any CPU
	EndGlobalSection
	GlobalSection(ProjectConfigurationPlatforms) = postSolution
		{50A81E7F-A6D9-4419-8040-1858EA29A03B}.Debug|Any CPU.ActiveCfg = Debug|Any CPU
		{50A81E7F-A6D9-4419-8040-1858EA29A03B}.Debug|Any CPU.Build.0 = Debug|Any CPU
		{50A81E7F-A6D9-4419-8040-1858EA29A03B}.Release|Any CPU.ActiveCfg = Release|Any CPU
		{50A81E7F-A6D9-4419-8040-1858EA29A03B}.Release|Any CPU.Build.0 = Release|Any CPU
	EndGlobalSection
	GlobalSection(SolutionProperties) = preSolution
		HideSolutionNode = FALSE
	EndGlobalSection
	GlobalSection(ExtensibilityGlobals) = postSolution
		SolutionGuid = {5BC4B20C-5852-49A3-AED5-C6CCA5FD68D4}
	EndGlobalSection
EndGlobal
